
Microsoft Visual Studio Solution File, Format Version 12.00
# Visual Studio Version 16
VisualStudioVersion = 16.0.31624.102
MinimumVisualStudioVersion = 10.0.40219.1
Project("{FAE04EC0-301F-11D3-BF4B-00C04F79EFBC}") = "LoopsAndRandomNumbers", "LoopsAndRandomNumbers\LoopsAndRandomNumbers.csproj", "{128878ED-B727-4058-8490-491047DA387B}"
EndProject
Project("{FAE04EC0-301F-11D3-BF4B-00C04F79EFBC}") = "PINInfiniteLoop", "PINInfiniteLoop\PINInfiniteLoop.csproj", "{1D9664CF-B2A7-489B-8FEC-51C307312920}"
EndProject
Project("{FAE04EC0-301F-11D3-BF4B-00C04F79EFBC}") = "RandomNumber", "RandomNumber\RandomNumber.csproj", "{BFBF37F6-105B-456E-84CF-59C995EF9AA8}"
EndProject
Project("{FAE04EC0-301F-11D3-BF4B-00C04F79EFBC}") = "GuessingGameInfinite", "GuessingGameInfinite\GuessingGameInfinite.csproj", "{4723D389-5F72-46D3-BC13-8E663ACF7D05}"
EndProject
Project("{FAE04EC0-301F-11D3-BF4B-00C04F79EFBC}") = "GuessingGameThreeTimes", "GuessingGameThreeTimes\GuessingGameThreeTimes.csproj", "{A971D554-C6E7-49C8-BEF9-80F8D085497D}"
EndProject
Global
	GlobalSection(SolutionConfigurationPlatforms) = preSolution
		Debug|Any CPU = Debug|Any CPU
		Release|Any CPU = Release|Any CPU
	EndGlobalSection
	GlobalSection(ProjectConfigurationPlatforms) = postSolution
		{128878ED-B727-4058-8490-491047DA387B}.Debug|Any CPU.ActiveCfg = Debug|Any CPU
		{128878ED-B727-4058-8490-491047DA387B}.Debug|Any CPU.Build.0 = Debug|Any CPU
		{128878ED-B727-4058-8490-491047DA387B}.Release|Any CPU.ActiveCfg = Release|Any CPU
		{128878ED-B727-4058-8490-491047DA387B}.Release|Any CPU.Build.0 = Release|Any CPU
		{1D9664CF-B2A7-489B-8FEC-51C307312920}.Debug|Any CPU.ActiveCfg = Debug|Any CPU
		{1D9664CF-B2A7-489B-8FEC-51C307312920}.Debug|Any CPU.Build.0 = Debug|Any CPU
		{1D9664CF-B2A7-489B-8FEC-51C307312920}.Release|Any CPU.ActiveCfg = Release|Any CPU
		{1D9664CF-B2A7-489B-8FEC-51C307312920}.Release|Any CPU.Build.0 = Release|Any CPU
		{BFBF37F6-105B-456E-84CF-59C995EF9AA8}.Debug|Any CPU.ActiveCfg = Debug|Any CPU
		{BFBF37F6-105B-456E-84CF-59C995EF9AA8}.Debug|Any CPU.Build.0 = Debug|Any CPU
		{BFBF37F6-105B-456E-84CF-59C995EF9AA8}.Release|Any CPU.ActiveCfg = Release|Any CPU
		{BFBF37F6-105B-456E-84CF-59C995EF9AA8}.Release|Any CPU.Build.0 = Release|Any CPU
		{4723D389-5F72-46D3-BC13-8E663ACF7D05}.Debug|Any CPU.ActiveCfg = Debug|Any CPU
		{4723D389-5F72-46D3-BC13-8E663ACF7D05}.Debug|Any CPU.Build.0 = Debug|Any CPU
		{4723D389-5F72-46D3-BC13-8E663ACF7D05}.Release|Any CPU.ActiveCfg = Release|Any CPU
		{4723D389-5F72-46D3-BC13-8E663ACF7D05}.Release|Any CPU.Build.0 = Release|Any CPU
		{A971D554-C6E7-49C8-BEF9-80F8D085497D}.Debug|Any CPU.ActiveCfg = Debug|Any CPU
		{A971D554-C6E7-49C8-BEF9-80F8D085497D}.Debug|Any CPU.Build.0 = Debug|Any CPU
		{A971D554-C6E7-49C8-BEF9-80F8D085497D}.Release|Any CPU.ActiveCfg = Release|Any CPU
		{A971D554-C6E7-49C8-BEF9-80F8D085497D}.Release|Any CPU.Build.0 = Release|Any CPU
	EndGlobalSection
	GlobalSection(SolutionProperties) = preSolution
		HideSolutionNode = FALSE
	EndGlobalSection
	GlobalSection(ExtensibilityGlobals) = postSolution
		SolutionGuid = {DB95E716-3A6C-4E31-B6B6-935CB4AFD1E7}
	EndGlobalSection
EndGlobal
